{
    "_readme": [
        "This file locks the dependencies of your project to a known state",
        "Read more about it at http://getcomposer.org/doc/01-basic-usage.md#composer-lock-the-lock-file",
        "This file is @generated automatically"
    ],
    "hash": "85aeba5436dcd1f981f182a2461f78f3",
    "packages": [
        {
            "name": "beryllium/icelus",
            "version": "1.0.0",
            "source": {
                "type": "git",
                "url": "https://github.com/beryllium/icelus.git",
                "reference": "eb1102dd50a6867870c735c81002984dac2085ce"
            },
            "dist": {
                "type": "zip",
                "url": "https://api.github.com/repos/beryllium/icelus/zipball/eb1102dd50a6867870c735c81002984dac2085ce",
                "reference": "eb1102dd50a6867870c735c81002984dac2085ce",
                "shasum": ""
            },
            "require": {
                "imanee/imanee": "*"
            },
            "require-dev": {
                "mikey179/vfsstream": "~1.4.0",
                "phpunit/phpunit": "~4.5",
                "symfony/config": "~2.1",
                "symfony/dependency-injection": "~2.1",
                "symfony/filesystem": "~2.6",
                "symfony/http-kernel": "~2.6",
                "twig/twig": "~1.18"
            },
            "type": "library",
            "autoload": {
                "psr-4": {
                    "Beryllium\\Icelus\\": ""
                }
            },
            "notification-url": "https://packagist.org/downloads/",
            "license": [
                "MIT"
            ],
            "authors": [
                {
                    "name": "Kevin Boyd",
                    "email": "kevin.boyd@gmail.com",
                    "homepage": "http://whateverthing.com"
                }
            ],
            "description": "Thumbnail generator for Sculpin-based websites",
            "homepage": "http://whateverthing.com",
            "keywords": [
                "Thumbnails",
                "images",
                "sculpin",
                "sculpin-plugin"
            ],
            "time": "2015-03-05 08:22:20"
        },
        {
            "name": "components/bootstrap",
            "version": "3.3.5",
            "source": {
                "type": "git",
                "url": "https://github.com/components/bootstrap.git",
                "reference": "d71c2a234c61f53f1109a26ba8155902a51f8ca5"
            },
            "dist": {
                "type": "zip",
                "url": "https://api.github.com/repos/components/bootstrap/zipball/d71c2a234c61f53f1109a26ba8155902a51f8ca5",
                "reference": "d71c2a234c61f53f1109a26ba8155902a51f8ca5",
                "shasum": ""
            },
            "require": {
                "components/jquery": ">=1.9.1 <3.0"
            },
            "suggest": {
                "components/bootstrap-default": "Provide a theme for Bootstrap as components/bootstrap only provides the CSS as file assets"
            },
            "type": "component",
            "extra": {
                "component": {
                    "scripts": [
                        "js/bootstrap.js"
                    ],
                    "files": [
                        "js/*.js",
                        "css/*.css",
                        "css/*.map",
                        "fonts/*",
                        "less/mixins/*.less",
                        "less/*.less"
                    ],
                    "shim": {
                        "deps": [
                            "jquery"
                        ]
                    }
                }
            },
            "notification-url": "https://packagist.org/downloads/",
            "license": [
                "MIT"
            ],
            "authors": [
                {
                    "name": "Jacob Thornton",
                    "email": "jacobthornton@gmail.com"
                },
                {
                    "name": "Mark Otto",
                    "email": "markdotto@gmail.com"
                }
            ],
            "description": "The most popular front-end framework for developing responsive, mobile first projects on the web.",
            "homepage": "http://getbootstrap.com",
            "keywords": [
                "css",
                "framework",
                "front-end",
                "less",
                "mobile-first",
                "responsive",
                "web"
            ],
            "time": "2015-06-17 06:08:09"
        },
        {
            "name": "components/font-awesome",
            "version": "4.4.0",
            "source": {
                "type": "git",
                "url": "https://github.com/components/font-awesome.git",
                "reference": "7dffacc72e566e5db6272244effc06f64fe9f185"
            },
            "dist": {
                "type": "zip",
                "url": "https://api.github.com/repos/components/font-awesome/zipball/7dffacc72e566e5db6272244effc06f64fe9f185",
                "reference": "7dffacc72e566e5db6272244effc06f64fe9f185",
                "shasum": ""
            },
            "type": "component",
            "extra": {
                "branch-alias": {
                    "dev-master": "4.4.x-dev"
                },
                "component": {
                    "styles": [
                        "css/font-awesome.css"
                    ],
                    "files": [
                        "css/font-awesome.min.css",
                        "fonts/*"
                    ]
                }
            },
            "notification-url": "https://packagist.org/downloads/",
            "license": [
                "MIT",
                "OFL-1.1"
            ],
            "description": "The iconic font designed for use with Twitter Bootstrap.",
            "time": "2015-07-30 02:38:45"
        },
        {
            "name": "components/highlightjs",
            "version": "7.3.0",
            "source": {
                "type": "git",
                "url": "https://github.com/components/highlightjs.git",
                "reference": "60f5b260c3ae12578f7241e15e8102e9b65c4d3b"
            },
            "dist": {
                "type": "zip",
                "url": "https://api.github.com/repos/components/highlightjs/zipball/60f5b260c3ae12578f7241e15e8102e9b65c4d3b",
                "reference": "60f5b260c3ae12578f7241e15e8102e9b65c4d3b",
                "shasum": ""
            },
            "require": {
                "robloach/component-installer": "*"
            },
            "type": "component",
            "extra": {
                "component": {
                    "scripts": [
                        "highlight.pack.js"
                    ],
                    "files": [
                        "styles/*"
                    ],
                    "shim": {
                        "exports": "hljs"
                    }
                }
            },
            "notification-url": "https://packagist.org/downloads/",
            "license": [
                "BSD-3-Clause"
            ],
            "authors": [
                {
                    "name": "Ivan Sagalaev",
                    "email": "maniac@softwaremaniacs.org",
                    "homepage": "http://softwaremaniacs.org"
                }
            ],
            "description": "Highlight.js highlights syntax in code examples on blogs, forums and in fact on any web pages.",
            "time": "2013-04-24 15:11:49"
        },
        {
            "name": "components/jquery",
            "version": "1.9.1",
            "source": {
                "type": "git",
                "url": "https://github.com/components/jquery.git",
                "reference": "ae5c0c13cf163b3751ce55f9d9e97c1ba7ff796d"
            },
            "dist": {
                "type": "zip",
                "url": "https://api.github.com/repos/components/jquery/zipball/ae5c0c13cf163b3751ce55f9d9e97c1ba7ff796d",
                "reference": "ae5c0c13cf163b3751ce55f9d9e97c1ba7ff796d",
                "shasum": ""
            },
            "require": {
                "robloach/component-installer": "*"
            },
            "type": "component",
            "extra": {
                "component": {
                    "scripts": [
                        "jquery.js"
                    ],
                    "files": [
                        "jquery.min.js",
                        "jquery-migrate.js",
                        "jquery-migrate.min.js",
                        "jquery.min.map"
                    ]
                }
            },
            "notification-url": "https://packagist.org/downloads/",
            "license": [
                "MIT"
            ],
            "authors": [
                {
                    "name": "John Resig",
                    "email": "jeresig@gmail.com"
                }
            ],
            "description": "jQuery JavaScript Library",
            "homepage": "http://jquery.com",
            "time": "2014-10-11 11:52:45"
        },
        {
            "name": "imanee/imanee",
            "version": "1.2.2",
            "source": {
                "type": "git",
                "url": "https://github.com/imanee/imanee.git",
                "reference": "e3e3cf92c694f84fd8cb9cdeee6aa4a71655781d"
            },
            "dist": {
                "type": "zip",
                "url": "https://api.github.com/repos/imanee/imanee/zipball/e3e3cf92c694f84fd8cb9cdeee6aa4a71655781d",
                "reference": "e3e3cf92c694f84fd8cb9cdeee6aa4a71655781d",
                "shasum": ""
            },
            "require": {
                "php": ">=5.4.0"
            },
            "require-dev": {
                "ext-gd": "*",
                "ext-imagick": "*",
                "mockery/mockery": "^0.9.4",
                "phpunit/phpunit": "3.7.*",
                "satooshi/php-coveralls": "^0.6.1"
            },
            "suggest": {
                "ext-gd": "To allow Imanee\\ImageResource\\GDResource usage.",
                "ext-imagick": "To allow Imanee\\ImageResource\\ImagickResource usage."
            },
            "type": "library",
            "extra": {
                "branch-alias": {
                    "dev-master": "1.0-dev"
                }
            },
            "autoload": {
                "psr-4": {
                    "Imanee\\": "src/"
                }
            },
            "notification-url": "https://packagist.org/downloads/",
            "license": [
                "MIT"
            ],
            "authors": [
                {
                    "name": "Erika Heidi",
                    "email": "erika@erikaheidi.com"
                }
            ],
            "description": "PHP Image Manipulation Library",
            "homepage": "http://imanee.io",
            "keywords": [
                "ImageMagick",
                "gd",
                "image",
                "imagick",
                "php"
            ],
            "time": "2015-09-03 13:02:21"
        },
        {
            "name": "jasny/twig-extensions",
            "version": "dev-master",
            "source": {
                "type": "git",
                "url": "https://github.com/jasny/twig-extensions.git",
                "reference": "37e97d07f5fac31d98112726de03e73945850b63"
            },
            "dist": {
                "type": "zip",
                "url": "https://api.github.com/repos/jasny/twig-extensions/zipball/37e97d07f5fac31d98112726de03e73945850b63",
                "reference": "37e97d07f5fac31d98112726de03e73945850b63",
                "shasum": ""
            },
            "require": {
                "php": ">=5.3.0",
                "twig/twig": "1.*"
            },
            "suggest": {
                "ext-intl": "Required for the use of the LocalDate Twig extension",
                "ext-pcre": "Required for the use of the PCRE Twig extension"
            },
            "type": "library",
            "autoload": {
                "psr-0": {
                    "Jasny\\Twig": "src/"
                }
            },
            "notification-url": "https://packagist.org/downloads/",
            "license": [
                "MIT"
            ],
            "authors": [
                {
                    "name": "Arnold Daniels",
                    "email": "arnold@jasny.net",
                    "homepage": "http://www.jasny.net"
                }
            ],
            "description": "A set of useful Twig filters",
            "homepage": "http://github.com/jasny/twig-extensions#README",
            "keywords": [
                "PCRE",
                "array",
                "date",
                "datetime",
                "preg",
                "regex",
                "templating",
                "text",
                "time"
            ],
            "time": "2015-08-12 10:26:19"
        },
        {
            "name": "kriswallsmith/assetic",
            "version": "v1.3.1",
            "source": {
                "type": "git",
                "url": "https://github.com/kriswallsmith/assetic.git",
                "reference": "cb92b179dddfb8a3f341d53bd27e088f24d9c2e5"
            },
            "dist": {
                "type": "zip",
                "url": "https://api.github.com/repos/kriswallsmith/assetic/zipball/cb92b179dddfb8a3f341d53bd27e088f24d9c2e5",
                "reference": "cb92b179dddfb8a3f341d53bd27e088f24d9c2e5",
                "shasum": ""
            },
            "require": {
                "php": ">=5.3.1",
                "symfony/process": "~2.1"
            },
            "conflict": {
                "twig/twig": "<1.12"
            },
            "require-dev": {
                "cssmin/cssmin": "*",
                "joliclic/javascript-packer": "*",
                "kamicane/packager": "*",
                "leafo/lessphp": "^0.3.7",
                "leafo/scssphp": "*@dev",
                "leafo/scssphp-compass": "*@dev",
                "mrclay/minify": "*",
                "patchwork/jsqueeze": "~1.0|~2.0",
                "phpunit/phpunit": "~4.8",
                "psr/log": "~1.0",
                "ptachoire/cssembed": "*",
                "symfony/phpunit-bridge": "~2.7",
                "twig/twig": "~1.8|~2.0"
            },
            "suggest": {
                "leafo/lessphp": "Assetic provides the integration with the lessphp LESS compiler",
                "leafo/scssphp": "Assetic provides the integration with the scssphp SCSS compiler",
                "leafo/scssphp-compass": "Assetic provides the integration with the SCSS compass plugin",
                "patchwork/jsqueeze": "Assetic provides the integration with the JSqueeze JavaScript compressor",
                "ptachoire/cssembed": "Assetic provides the integration with phpcssembed to embed data uris",
                "twig/twig": "Assetic provides the integration with the Twig templating engine"
            },
            "type": "library",
            "extra": {
                "branch-alias": {
                    "dev-master": "1.4-dev"
                }
            },
            "autoload": {
                "psr-0": {
                    "Assetic": "src/"
                },
                "files": [
                    "src/functions.php"
                ]
            },
            "notification-url": "https://packagist.org/downloads/",
            "license": [
                "MIT"
            ],
            "authors": [
                {
                    "name": "Kris Wallsmith",
                    "email": "kris.wallsmith@gmail.com",
                    "homepage": "http://kriswallsmith.net/"
                }
            ],
            "description": "Asset Management for PHP",
            "homepage": "https://github.com/kriswallsmith/assetic",
            "keywords": [
                "assets",
                "compression",
                "minification"
            ],
            "time": "2015-10-15 01:33:42"
        },
        {
            "name": "robloach/component-installer",
            "version": "0.2.3",
            "source": {
                "type": "git",
                "url": "https://github.com/RobLoach/component-installer.git",
                "reference": "908a859aa7c4949ba9ad67091e67bac10b66d3d7"
            },
            "dist": {
                "type": "zip",
                "url": "https://api.github.com/repos/RobLoach/component-installer/zipball/908a859aa7c4949ba9ad67091e67bac10b66d3d7",
                "reference": "908a859aa7c4949ba9ad67091e67bac10b66d3d7",
                "shasum": ""
            },
            "require": {
                "composer-plugin-api": "^1.0",
                "kriswallsmith/assetic": "1.*",
                "php": ">=5.3.2"
            },
            "require-dev": {
                "composer/composer": "1.*@alpha",
                "phpunit/phpunit": "4.*"
            },
            "type": "composer-plugin",
            "extra": {
                "branch-alias": {
                    "dev-master": "1.0.x-dev"
                },
                "class": "ComponentInstaller\\ComponentInstallerPlugin"
            },
            "autoload": {
                "psr-0": {
                    "ComponentInstaller": "src/"
                }
            },
            "notification-url": "https://packagist.org/downloads/",
            "license": [
                "MIT"
            ],
            "authors": [
                {
                    "name": "Rob Loach",
                    "homepage": "http://robloach.net"
                }
            ],
            "description": "Allows installation of Components via Composer.",
            "time": "2015-08-10 12:35:38"
        },
        {
            "name": "sharkpp/sculpin-calendarian-bundle",
            "version": "dev-master",
            "source": {
                "type": "git",
                "url": "https://github.com/sharkpp/sculpin-calendarian-bundle.git",
                "reference": "c897eca7d5fcc50050d55054209c2268a0fe1e37"
            },
            "dist": {
                "type": "zip",
                "url": "https://api.github.com/repos/sharkpp/sculpin-calendarian-bundle/zipball/c897eca7d5fcc50050d55054209c2268a0fe1e37",
                "reference": "c897eca7d5fcc50050d55054209c2268a0fe1e37",
                "shasum": ""
            },
            "require": {
                "php": ">=5.3.0"
            },
            "type": "library",
            "autoload": {
                "psr-0": {
                    "Sharkpp\\Sculpin\\Bundle\\CalendarianBundle": "src/"
                }
            },
            "notification-url": "https://packagist.org/downloads/",
            "license": [
                "MIT"
            ],
            "authors": [
                {
                    "name": "sharkpp",
                    "email": "webmaster@sharkpp.net",
                    "homepage": "http://www.sharkpp.net"
                }
            ],
            "description": "This is a Bundle that generates the index page to blog date directory for Sculpin.",
            "homepage": "http://github.com/sharkpp/sculpin-calendarian-bundle",
            "keywords": [
                "blog",
                "calender",
                "sculpin"
            ],
            "time": "2015-08-09 11:50:17"
        }
    ],
    "packages-dev": [],
    "aliases": [],
    "minimum-stability": "stable",
    "stability-flags": {
        "jasny/twig-extensions": 20,
        "sharkpp/sculpin-calendarian-bundle": 20
    },
    "prefer-stable": false,
    "prefer-lowest": false,
    "platform": [],
    "platform-dev": []
}
